
Microsoft Visual Studio Solution File, Format Version 12.00
# Visual Studio Version 16
VisualStudioVersion = 16.0.29920.165
MinimumVisualStudioVersion = 10.0.40219.1
Project("{FAE04EC0-301F-11D3-BF4B-00C04F79EFBC}") = "TicTacToe", "TicTacToe\TicTacToe.csproj", "{55ECD88A-BB81-4B2F-B85F-7796A7521EC5}"
EndProject
Global
	GlobalSection(SolutionConfigurationPlatforms) = preSolution
		Debug|Any CPU = Debug|Any CPU
		Release|Any CPU = Release|Any CPU
	EndGlobalSection
	GlobalSection(ProjectConfigurationPlatforms) = postSolution
		{55ECD88A-BB81-4B2F-B85F-7796A7521EC5}.Debug|Any CPU.ActiveCfg = Debug|Any CPU
		{55ECD88A-BB81-4B2F-B85F-7796A7521EC5}.Debug|Any CPU.Build.0 = Debug|Any CPU
		{55ECD88A-BB81-4B2F-B85F-7796A7521EC5}.Release|Any CPU.ActiveCfg = Release|Any CPU
		{55ECD88A-BB81-4B2F-B85F-7796A7521EC5}.Release|Any CPU.Build.0 = Release|Any CPU
	EndGlobalSection
	GlobalSection(SolutionProperties) = preSolution
		HideSolutionNode = FALSE
	EndGlobalSection
	GlobalSection(ExtensibilityGlobals) = postSolution
		SolutionGuid = {8C711ADF-0E5A-4E15-BBAE-E0F60FD7C794}
	EndGlobalSection
EndGlobal
